PODS:
  - FlutterMacOS (1.0.0)
  - package_info_plus (0.0.1):
    - FlutterMacOS
  - Sentry/HybridSDK (8.52.1)
  - sentry_flutter (9.3.0):
    - Flutter
    - FlutterMacOS
    - Sentry/HybridSDK (= 8.52.1)

DEPENDENCIES:
  - FlutterMacOS (from `Flutter/ephemeral`)
  - package_info_plus (from `Flutter/ephemeral/.symlinks/plugins/package_info_plus/macos`)
  - sentry_flutter (from `Flutter/ephemeral/.symlinks/plugins/sentry_flutter/macos`)

SPEC REPOS:
  trunk:
    - Sentry

EXTERNAL SOURCES:
  FlutterMacOS:
    :path: Flutter/ephemeral
  package_info_plus:
    :path: Flutter/ephemeral/.symlinks/plugins/package_info_plus/macos
  sentry_flutter:
    :path: Flutter/ephemeral/.symlinks/plugins/sentry_flutter/macos

SPEC CHECKSUMS:
  FlutterMacOS: 8f6f14fa908a6fb3fba0cd85dbd81ec4b251fb24
  package_info_plus: 12f1c5c2cfe8727ca46cbd0b26677728972d9a5b
  Sentry: 2cbbe3592f30050c60e916c63c7f5a2fa584005e
  sentry_flutter: 072b525ea44fe9a7a2bf26ec0f0caf68ea0ddb6b

PODFILE CHECKSUM: 7eb978b976557c8c1cd717d8185ec483fd090a82

COCOAPODS: 1.16.2
